// !$*UTF8*$!
{
	archiveVersion = 1;
	classes = {
	};
	objectVersion = 46;
	objects = {

/* Begin PBXBuildFile section */
		2FC109765E3D43B6D9B5CF9C /* Pods_LinBaTests.framework in Frameworks */ = {isa = PBXBuildFile; fileRef = 7F840A24777EC3935962250F /* Pods_LinBaTests.framework */; };
		67D67B7D22E85A76B29E2FBE /* Pods_LinBaUITests.framework in Frameworks */ = {isa = PBXBuildFile; fileRef = 9B3D025282A6DD372BD1EE02 /* Pods_LinBaUITests.framework */; };
		70754DC286B6D9FD6A2267A1 /* Pods_LinBa.framework in Frameworks */ = {isa = PBXBuildFile; fileRef = 724712345C59797A5CEB1DB3 /* Pods_LinBa.framework */; };
		DE3516E21E48D99B008EF2B7 /* AppDelegate.swift in Sources */ = {isa = PBXBuildFile; fileRef = DE3516E11E48D99B008EF2B7 /* AppDelegate.swift */; };
		DE3516E41E48D99B008EF2B7 /* ViewController.swift in Sources */ = {isa = PBXBuildFile; fileRef = DE3516E31E48D99B008EF2B7 /* ViewController.swift */; };
		DE3516E71E48D99B008EF2B7 /* Main.storyboard in Resources */ = {isa = PBXBuildFile; fileRef = DE3516E51E48D99B008EF2B7 /* Main.storyboard */; };
		DE3516E91E48D99B008EF2B7 /* Assets.xcassets in Resources */ = {isa = PBXBuildFile; fileRef = DE3516E81E48D99B008EF2B7 /* Assets.xcassets */; };
		DE3516EC1E48D99B008EF2B7 /* LaunchScreen.storyboard in Resources */ = {isa = PBXBuildFile; fileRef = DE3516EA1E48D99B008EF2B7 /* LaunchScreen.storyboard */; };
		DE3516F71E48D99B008EF2B7 /* LinBaTests.swift in Sources */ = {isa = PBXBuildFile; fileRef = DE3516F61E48D99B008EF2B7 /* LinBaTests.swift */; };
		DE3517021E48D99B008EF2B7 /* LinBaUITests.swift in Sources */ = {isa = PBXBuildFile; fileRef = DE3517011E48D99B008EF2B7 /* LinBaUITests.swift */; };
		DE3EA7DA1E6730C00047761A /* Film.swift in Sources */ = {isa = PBXBuildFile; fileRef = DE3EA7D91E6730C00047761A /* Film.swift */; };
		DE3EA7DC1E6732D10047761A /* Actor.swift in Sources */ = {isa = PBXBuildFile; fileRef = DE3EA7DB1E6732D10047761A /* Actor.swift */; };
		DE3EA7DE1E6733970047761A /* Producer.swift in Sources */ = {isa = PBXBuildFile; fileRef = DE3EA7DD1E6733970047761A /* Producer.swift */; };
		DE3EA7E01E6738650047761A /* APIError.swift in Sources */ = {isa = PBXBuildFile; fileRef = DE3EA7DF1E6738650047761A /* APIError.swift */; };
		DE4987D31E689A830041DC80 /* FavoriteTableViewCell.swift in Sources */ = {isa = PBXBuildFile; fileRef = DE4987D21E689A830041DC80 /* FavoriteTableViewCell.swift */; };
		DE7CB3971E6801F4009CAA0D /* FavoritesViewController.swift in Sources */ = {isa = PBXBuildFile; fileRef = DE7CB3961E6801F4009CAA0D /* FavoritesViewController.swift */; };
		DE7CB39A1E680533009CAA0D /* EntitiesParser.swift in Sources */ = {isa = PBXBuildFile; fileRef = DE7CB3991E680533009CAA0D /* EntitiesParser.swift */; };
		DE7CB39C1E681366009CAA0D /* User.swift in Sources */ = {isa = PBXBuildFile; fileRef = DE7CB39B1E681366009CAA0D /* User.swift */; };
		DEFBA99D1E520E1D002A99E6 /* AutorizationViewController.swift in Sources */ = {isa = PBXBuildFile; fileRef = DEFBA99C1E520E1D002A99E6 /* AutorizationViewController.swift */; };
		DEFBA99F1E52166E002A99E6 /* RegistrationViewController.swift in Sources */ = {isa = PBXBuildFile; fileRef = DEFBA99E1E52166E002A99E6 /* RegistrationViewController.swift */; };
		DEFBA9A11E521A0A002A99E6 /* ServerAPI.swift in Sources */ = {isa = PBXBuildFile; fileRef = DEFBA9A01E521A0A002A99E6 /* ServerAPI.swift */; };
		DEFFD68D1E533C7500733191 /* WebViewController.swift in Sources */ = {isa = PBXBuildFile; fileRef = DEFFD68C1E533C7500733191 /* WebViewController.swift */; };
/* End PBXBuildFile section */

/* Begin PBXContainerItemProxy section */
		DE3516F31E48D99B008EF2B7 /* PBXContainerItemProxy */ = {
			isa = PBXContainerItemProxy;
			containerPortal = DE3516D61E48D99B008EF2B7 /* Project object */;
			proxyType = 1;
			remoteGlobalIDString = DE3516DD1E48D99B008EF2B7;
			remoteInfo = LinBa;
		};
		DE3516FE1E48D99B008EF2B7 /* PBXContainerItemProxy */ = {
			isa = PBXContainerItemProxy;
			containerPortal = DE3516D61E48D99B008EF2B7 /* Project object */;
			proxyType = 1;
			remoteGlobalIDString = DE3516DD1E48D99B008EF2B7;
			remoteInfo = LinBa;
		};
/* End PBXContainerItemProxy section */

/* Begin PBXFileReference section */
		0A0D612A09F696991F80BDE1 /* Pods-LinBaTests.debug.xcconfig */ = {isa = PBXFileReference; includeInIndex = 1; lastKnownFileType = text.xcconfig; name = "Pods-LinBaTests.debug.xcconfig"; path = "Pods/Target Support Files/Pods-LinBaTests/Pods-LinBaTests.debug.xcconfig"; sourceTree = "<group>"; };
		4B6758D5D24CB38FCE023CF8 /* Pods-LinBaUITests.debug.xcconfig */ = {isa = PBXFileReference; includeInIndex = 1; lastKnownFileType = text.xcconfig; name = "Pods-LinBaUITests.debug.xcconfig"; path = "Pods/Target Support Files/Pods-LinBaUITests/Pods-LinBaUITests.debug.xcconfig"; sourceTree = "<group>"; };
		724712345C59797A5CEB1DB3 /* Pods_LinBa.framework */ = {isa = PBXFileReference; explicitFileType = wrapper.framework; includeInIndex = 0; path = Pods_LinBa.framework; sourceTree = BUILT_PRODUCTS_DIR; };
		76A0E46B766AD1149ECE608D /* Pods-LinBaTests.release.xcconfig */ = {isa = PBXFileReference; includeInIndex = 1; lastKnownFileType = text.xcconfig; name = "Pods-LinBaTests.release.xcconfig"; path = "Pods/Target Support Files/Pods-LinBaTests/Pods-LinBaTests.release.xcconfig"; sourceTree = "<group>"; };
		7F840A24777EC3935962250F /* Pods_LinBaTests.framework */ = {isa = PBXFileReference; explicitFileType = wrapper.framework; includeInIndex = 0; path = Pods_LinBaTests.framework; sourceTree = BUILT_PRODUCTS_DIR; };
		9B3D025282A6DD372BD1EE02 /* Pods_LinBaUITests.framework */ = {isa = PBXFileReference; explicitFileType = wrapper.framework; includeInIndex = 0; path = Pods_LinBaUITests.framework; sourceTree = BUILT_PRODUCTS_DIR; };
		BF8991B17DE9BE547088BE7A /* Pods-LinBa.release.xcconfig */ = {isa = PBXFileReference; includeInIndex = 1; lastKnownFileType = text.xcconfig; name = "Pods-LinBa.release.xcconfig"; path = "Pods/Target Support Files/Pods-LinBa/Pods-LinBa.release.xcconfig"; sourceTree = "<group>"; };
		DE3516DE1E48D99B008EF2B7 /* LinBa.app */ = {isa = PBXFileReference; explicitFileType = wrapper.application; includeInIndex = 0; path = LinBa.app; sourceTree = BUILT_PRODUCTS_DIR; };
		DE3516E11E48D99B008EF2B7 /* AppDelegate.swift */ = {isa = PBXFileReference; lastKnownFileType = sourcecode.swift; path = AppDelegate.swift; sourceTree = "<group>"; };
		DE3516E31E48D99B008EF2B7 /* ViewController.swift */ = {isa = PBXFileReference; lastKnownFileType = sourcecode.swift; path = ViewController.swift; sourceTree = "<group>"; };
		DE3516E61E48D99B008EF2B7 /* Base */ = {isa = PBXFileReference; lastKnownFileType = file.storyboard; name = Base; path = Base.lproj/Main.storyboard; sourceTree = "<group>"; };
		DE3516E81E48D99B008EF2B7 /* Assets.xcassets */ = {isa = PBXFileReference; lastKnownFileType = folder.assetcatalog; path = Assets.xcassets; sourceTree = "<group>"; };
		DE3516EB1E48D99B008EF2B7 /* Base */ = {isa = PBXFileReference; lastKnownFileType = file.storyboard; name = Base; path = Base.lproj/LaunchScreen.storyboard; sourceTree = "<group>"; };
		DE3516ED1E48D99B008EF2B7 /* Info.plist */ = {isa = PBXFileReference; lastKnownFileType = text.plist.xml; path = Info.plist; sourceTree = "<group>"; };
		DE3516F21E48D99B008EF2B7 /* LinBaTests.xctest */ = {isa = PBXFileReference; explicitFileType = wrapper.cfbundle; includeInIndex = 0; path = LinBaTests.xctest; sourceTree = BUILT_PRODUCTS_DIR; };
		DE3516F61E48D99B008EF2B7 /* LinBaTests.swift */ = {isa = PBXFileReference; lastKnownFileType = sourcecode.swift; path = LinBaTests.swift; sourceTree = "<group>"; };
		DE3516F81E48D99B008EF2B7 /* Info.plist */ = {isa = PBXFileReference; lastKnownFileType = text.plist.xml; path = Info.plist; sourceTree = "<group>"; };
		DE3516FD1E48D99B008EF2B7 /* LinBaUITests.xctest */ = {isa = PBXFileReference; explicitFileType = wrapper.cfbundle; includeInIndex = 0; path = LinBaUITests.xctest; sourceTree = BUILT_PRODUCTS_DIR; };
		DE3517011E48D99B008EF2B7 /* LinBaUITests.swift */ = {isa = PBXFileReference; lastKnownFileType = sourcecode.swift; path = LinBaUITests.swift; sourceTree = "<group>"; };
		DE3517031E48D99B008EF2B7 /* Info.plist */ = {isa = PBXFileReference; lastKnownFileType = text.plist.xml; path = Info.plist; sourceTree = "<group>"; };
		DE3EA7D91E6730C00047761A /* Film.swift */ = {isa = PBXFileReference; fileEncoding = 4; lastKnownFileType = sourcecode.swift; path = Film.swift; sourceTree = "<group>"; };
		DE3EA7DB1E6732D10047761A /* Actor.swift */ = {isa = PBXFileReference; fileEncoding = 4; lastKnownFileType = sourcecode.swift; path = Actor.swift; sourceTree = "<group>"; };
		DE3EA7DD1E6733970047761A /* Producer.swift */ = {isa = PBXFileReference; fileEncoding = 4; lastKnownFileType = sourcecode.swift; path = Producer.swift; sourceTree = "<group>"; };
		DE3EA7DF1E6738650047761A /* APIError.swift */ = {isa = PBXFileReference; fileEncoding = 4; lastKnownFileType = sourcecode.swift; path = APIError.swift; sourceTree = "<group>"; };
		DE4987D21E689A830041DC80 /* FavoriteTableViewCell.swift */ = {isa = PBXFileReference; fileEncoding = 4; lastKnownFileType = sourcecode.swift; path = FavoriteTableViewCell.swift; sourceTree = "<group>"; };
		DE7CB3961E6801F4009CAA0D /* FavoritesViewController.swift */ = {isa = PBXFileReference; fileEncoding = 4; lastKnownFileType = sourcecode.swift; path = FavoritesViewController.swift; sourceTree = "<group>"; };
		DE7CB3991E680533009CAA0D /* EntitiesParser.swift */ = {isa = PBXFileReference; fileEncoding = 4; lastKnownFileType = sourcecode.swift; path = EntitiesParser.swift; sourceTree = "<group>"; };
		DE7CB39B1E681366009CAA0D /* User.swift */ = {isa = PBXFileReference; fileEncoding = 4; lastKnownFileType = sourcecode.swift; path = User.swift; sourceTree = "<group>"; };
		DEFBA99C1E520E1D002A99E6 /* AutorizationViewController.swift */ = {isa = PBXFileReference; fileEncoding = 4; lastKnownFileType = sourcecode.swift; path = AutorizationViewController.swift; sourceTree = "<group>"; };
		DEFBA99E1E52166E002A99E6 /* RegistrationViewController.swift */ = {isa = PBXFileReference; fileEncoding = 4; lastKnownFileType = sourcecode.swift; path = RegistrationViewController.swift; sourceTree = "<group>"; };
		DEFBA9A01E521A0A002A99E6 /* ServerAPI.swift */ = {isa = PBXFileReference; fileEncoding = 4; lastKnownFileType = sourcecode.swift; path = ServerAPI.swift; sourceTree = "<group>"; };
		DEFFD68C1E533C7500733191 /* WebViewController.swift */ = {isa = PBXFileReference; fileEncoding = 4; lastKnownFileType = sourcecode.swift; path = WebViewController.swift; sourceTree = "<group>"; };
		EA30F07FD916E59C1F502E8E /* Pods-LinBa.debug.xcconfig */ = {isa = PBXFileReference; includeInIndex = 1; lastKnownFileType = text.xcconfig; name = "Pods-LinBa.debug.xcconfig"; path = "Pods/Target Support Files/Pods-LinBa/Pods-LinBa.debug.xcconfig"; sourceTree = "<group>"; };
		FBCB563AE328BAA152A0F2A0 /* Pods-LinBaUITests.release.xcconfig */ = {isa = PBXFileReference; includeInIndex = 1; lastKnownFileType = text.xcconfig; name = "Pods-LinBaUITests.release.xcconfig"; path = "Pods/Target Support Files/Pods-LinBaUITests/Pods-LinBaUITests.release.xcconfig"; sourceTree = "<group>"; };
/* End PBXFileReference section */

/* Begin PBXFrameworksBuildPhase section */
		DE3516DB1E48D99B008EF2B7 /* Frameworks */ = {
			isa = PBXFrameworksBuildPhase;
			buildActionMask = 2147483647;
			files = (
				70754DC286B6D9FD6A2267A1 /* Pods_LinBa.framework in Frameworks */,
			);
			runOnlyForDeploymentPostprocessing = 0;
		};
		DE3516EF1E48D99B008EF2B7 /* Frameworks */ = {
			isa = PBXFrameworksBuildPhase;
			buildActionMask = 2147483647;
			files = (
				2FC109765E3D43B6D9B5CF9C /* Pods_LinBaTests.framework in Frameworks */,
			);
			runOnlyForDeploymentPostprocessing = 0;
		};
		DE3516FA1E48D99B008EF2B7 /* Frameworks */ = {
			isa = PBXFrameworksBuildPhase;
			buildActionMask = 2147483647;
			files = (
				67D67B7D22E85A76B29E2FBE /* Pods_LinBaUITests.framework in Frameworks */,
			);
			runOnlyForDeploymentPostprocessing = 0;
		};
/* End PBXFrameworksBuildPhase section */

/* Begin PBXGroup section */
		2E96B13B0F8E32A7C9CADFCD /* Pods */ = {
			isa = PBXGroup;
			children = (
				EA30F07FD916E59C1F502E8E /* Pods-LinBa.debug.xcconfig */,
				BF8991B17DE9BE547088BE7A /* Pods-LinBa.release.xcconfig */,
				0A0D612A09F696991F80BDE1 /* Pods-LinBaTests.debug.xcconfig */,
				76A0E46B766AD1149ECE608D /* Pods-LinBaTests.release.xcconfig */,
				4B6758D5D24CB38FCE023CF8 /* Pods-LinBaUITests.debug.xcconfig */,
				FBCB563AE328BAA152A0F2A0 /* Pods-LinBaUITests.release.xcconfig */,
			);
			name = Pods;
			sourceTree = "<group>";
		};
		497BC9CADAE9F5835B3FAC33 /* Frameworks */ = {
			isa = PBXGroup;
			children = (
				724712345C59797A5CEB1DB3 /* Pods_LinBa.framework */,
				7F840A24777EC3935962250F /* Pods_LinBaTests.framework */,
				9B3D025282A6DD372BD1EE02 /* Pods_LinBaUITests.framework */,
			);
			name = Frameworks;
			sourceTree = "<group>";
		};
		DE3516D51E48D99B008EF2B7 = {
			isa = PBXGroup;
			children = (
				DE3516E01E48D99B008EF2B7 /* LinBa */,
				DE3516F51E48D99B008EF2B7 /* LinBaTests */,
				DE3517001E48D99B008EF2B7 /* LinBaUITests */,
				DE3516DF1E48D99B008EF2B7 /* Products */,
				2E96B13B0F8E32A7C9CADFCD /* Pods */,
				497BC9CADAE9F5835B3FAC33 /* Frameworks */,
			);
			sourceTree = "<group>";
		};
		DE3516DF1E48D99B008EF2B7 /* Products */ = {
			isa = PBXGroup;
			children = (
				DE3516DE1E48D99B008EF2B7 /* LinBa.app */,
				DE3516F21E48D99B008EF2B7 /* LinBaTests.xctest */,
				DE3516FD1E48D99B008EF2B7 /* LinBaUITests.xctest */,
			);
			name = Products;
			sourceTree = "<group>";
		};
		DE3516E01E48D99B008EF2B7 /* LinBa */ = {
			isa = PBXGroup;
			children = (
				DE4987CE1E68935F0041DC80 /* Api */,
				DE7CB3981E680521009CAA0D /* Parser */,
				DE3EA7D81E6730B00047761A /* Entity */,
				DEFBA99B1E520E05002A99E6 /* views */,
				DE3516E11E48D99B008EF2B7 /* AppDelegate.swift */,
				DE3516E31E48D99B008EF2B7 /* ViewController.swift */,
				DE3516E51E48D99B008EF2B7 /* Main.storyboard */,
				DE3516E81E48D99B008EF2B7 /* Assets.xcassets */,
				DE3516EA1E48D99B008EF2B7 /* LaunchScreen.storyboard */,
				DE3516ED1E48D99B008EF2B7 /* Info.plist */,
				DEFFD68C1E533C7500733191 /* WebViewController.swift */,
			);
			path = LinBa;
			sourceTree = "<group>";
		};
		DE3516F51E48D99B008EF2B7 /* LinBaTests */ = {
			isa = PBXGroup;
			children = (
				DE3516F61E48D99B008EF2B7 /* LinBaTests.swift */,
				DE3516F81E48D99B008EF2B7 /* Info.plist */,
			);
			path = LinBaTests;
			sourceTree = "<group>";
		};
		DE3517001E48D99B008EF2B7 /* LinBaUITests */ = {
			isa = PBXGroup;
			children = (
				DE3517011E48D99B008EF2B7 /* LinBaUITests.swift */,
				DE3517031E48D99B008EF2B7 /* Info.plist */,
			);
			path = LinBaUITests;
			sourceTree = "<group>";
		};
		DE3EA7D81E6730B00047761A /* Entity */ = {
			isa = PBXGroup;
			children = (
				DE3EA7D91E6730C00047761A /* Film.swift */,
				DE3EA7DB1E6732D10047761A /* Actor.swift */,
				DE3EA7DD1E6733970047761A /* Producer.swift */,
				DE3EA7DF1E6738650047761A /* APIError.swift */,
				DE7CB39B1E681366009CAA0D /* User.swift */,
			);
			name = Entity;
			sourceTree = "<group>";
		};
		DE4987CE1E68935F0041DC80 /* Api */ = {
			isa = PBXGroup;
			children = (
				DEFBA9A01E521A0A002A99E6 /* ServerAPI.swift */,
			);
			name = Api;
			sourceTree = "<group>";
		};
		DE4987CF1E689A4C0041DC80 /* TBCells */ = {
			isa = PBXGroup;
			children = (
				DE4987D21E689A830041DC80 /* FavoriteTableViewCell.swift */,
			);
			name = TBCells;
			sourceTree = "<group>";
		};
		DE7CB3981E680521009CAA0D /* Parser */ = {
			isa = PBXGroup;
			children = (
				DE7CB3991E680533009CAA0D /* EntitiesParser.swift */,
			);
			name = Parser;
			sourceTree = "<group>";
		};
		DEFBA99B1E520E05002A99E6 /* views */ = {
			isa = PBXGroup;
			children = (
				DE4987CF1E689A4C0041DC80 /* TBCells */,
				DEFBA99C1E520E1D002A99E6 /* AutorizationViewController.swift */,
				DEFBA99E1E52166E002A99E6 /* RegistrationViewController.swift */,
				DE7CB3961E6801F4009CAA0D /* FavoritesViewController.swift */,
			);
			name = views;
			sourceTree = "<group>";
		};
/* End PBXGroup section */

/* Begin PBXNativeTarget section */
		DE3516DD1E48D99B008EF2B7 /* LinBa */ = {
			isa = PBXNativeTarget;
			buildConfigurationList = DE3517061E48D99B008EF2B7 /* Build configuration list for PBXNativeTarget "LinBa" */;
			buildPhases = (
				757E2B89F34E9CABBE8FE842 /* [CP] Check Pods Manifest.lock */,
				DE3516DA1E48D99B008EF2B7 /* Sources */,
				DE3516DB1E48D99B008EF2B7 /* Frameworks */,
				DE3516DC1E48D99B008EF2B7 /* Resources */,
				EB60399F49820916A6986F1B /* [CP] Embed Pods Frameworks */,
				F60BC0C241C9829562EDC563 /* [CP] Copy Pods Resources */,
			);
			buildRules = (
			);
			dependencies = (
			);
			name = LinBa;
			productName = LinBa;
			productReference = DE3516DE1E48D99B008EF2B7 /* LinBa.app */;
			productType = "com.apple.product-type.application";
		};
		DE3516F11E48D99B008EF2B7 /* LinBaTests */ = {
			isa = PBXNativeTarget;
			buildConfigurationList = DE3517091E48D99B008EF2B7 /* Build configuration list for PBXNativeTarget "LinBaTests" */;
			buildPhases = (
				B7B7709758F31EB7B0ED6319 /* [CP] Check Pods Manifest.lock */,
				DE3516EE1E48D99B008EF2B7 /* Sources */,
				DE3516EF1E48D99B008EF2B7 /* Frameworks */,
				DE3516F01E48D99B008EF2B7 /* Resources */,
				493094BB24BCC2F1293593F4 /* [CP] Embed Pods Frameworks */,
				DC625A30934034E45A1E7BCD /* [CP] Copy Pods Resources */,
			);
			buildRules = (
			);
			dependencies = (
				DE3516F41E48D99B008EF2B7 /* PBXTargetDependency */,
			);
			name = LinBaTests;
			productName = LinBaTests;
			productReference = DE3516F21E48D99B008EF2B7 /* LinBaTests.xctest */;
			productType = "com.apple.product-type.bundle.unit-test";
		};
		DE3516FC1E48D99B008EF2B7 /* LinBaUITests */ = {
			isa = PBXNativeTarget;
			buildConfigurationList = DE35170C1E48D99B008EF2B7 /* Build configuration list for PBXNativeTarget "LinBaUITests" */;
			buildPhases = (
				70615CEE94B5AF84ACE485AF /* [CP] Check Pods Manifest.lock */,
				DE3516F91E48D99B008EF2B7 /* Sources */,
				DE3516FA1E48D99B008EF2B7 /* Frameworks */,
				DE3516FB1E48D99B008EF2B7 /* Resources */,
				8477A44694F21C52252BA31D /* [CP] Embed Pods Frameworks */,
				27CC436D40D59EC11BAC27A0 /* [CP] Copy Pods Resources */,
			);
			buildRules = (
			);
			dependencies = (
				DE3516FF1E48D99B008EF2B7 /* PBXTargetDependency */,
			);
			name = LinBaUITests;
			productName = LinBaUITests;
			productReference = DE3516FD1E48D99B008EF2B7 /* LinBaUITests.xctest */;
			productType = "com.apple.product-type.bundle.ui-testing";
		};
/* End PBXNativeTarget section */

/* Begin PBXProject section */
		DE3516D61E48D99B008EF2B7 /* Project object */ = {
			isa = PBXProject;
			attributes = {
				LastSwiftUpdateCheck = 0820;
				LastUpgradeCheck = 0820;
				ORGANIZATIONNAME = "Kirill Baranov";
				TargetAttributes = {
					DE3516DD1E48D99B008EF2B7 = {
						CreatedOnToolsVersion = 8.2.1;
						DevelopmentTeam = 8AJ789FGVJ;
						ProvisioningStyle = Automatic;
					};
					DE3516F11E48D99B008EF2B7 = {
						CreatedOnToolsVersion = 8.2.1;
						DevelopmentTeam = 8AJ789FGVJ;
						ProvisioningStyle = Automatic;
						TestTargetID = DE3516DD1E48D99B008EF2B7;
					};
					DE3516FC1E48D99B008EF2B7 = {
						CreatedOnToolsVersion = 8.2.1;
						DevelopmentTeam = 8AJ789FGVJ;
						ProvisioningStyle = Automatic;
						TestTargetID = DE3516DD1E48D99B008EF2B7;
					};
				};
			};
			buildConfigurationList = DE3516D91E48D99B008EF2B7 /* Build configuration list for PBXProject "LinBa" */;
			compatibilityVersion = "Xcode 3.2";
			developmentRegion = English;
			hasScannedForEncodings = 0;
			knownRegions = (
				en,
				Base,
			);
			mainGroup = DE3516D51E48D99B008EF2B7;
			productRefGroup = DE3516DF1E48D99B008EF2B7 /* Products */;
			projectDirPath = "";
			projectRoot = "";
			targets = (
				DE3516DD1E48D99B008EF2B7 /* LinBa */,
				DE3516F11E48D99B008EF2B7 /* LinBaTests */,
				DE3516FC1E48D99B008EF2B7 /* LinBaUITests */,
			);
		};
/* End PBXProject section */

/* Begin PBXResourcesBuildPhase section */
		DE3516DC1E48D99B008EF2B7 /* Resources */ = {
			isa = PBXResourcesBuildPhase;
			buildActionMask = 2147483647;
			files = (
				DE3516EC1E48D99B008EF2B7 /* LaunchScreen.storyboard in Resources */,
				DE3516E91E48D99B008EF2B7 /* Assets.xcassets in Resources */,
				DE3516E71E48D99B008EF2B7 /* Main.storyboard in Resources */,
			);
			runOnlyForDeploymentPostprocessing = 0;
		};
		DE3516F01E48D99B008EF2B7 /* Resources */ = {
			isa = PBXResourcesBuildPhase;
			buildActionMask = 2147483647;
			files = (
			);
			runOnlyForDeploymentPostprocessing = 0;
		};
		DE3516FB1E48D99B008EF2B7 /* Resources */ = {
			isa = PBXResourcesBuildPhase;
			buildActionMask = 2147483647;
			files = (
			);
			runOnlyForDeploymentPostprocessing = 0;
		};
/* End PBXResourcesBuildPhase section */

/* Begin PBXShellScriptBuildPhase section */
		27CC436D40D59EC11BAC27A0 /* [CP] Copy Pods Resources */ = {
			isa = PBXShellScriptBuildPhase;
			buildActionMask = 2147483647;
			files = (
			);
			inputPaths = (
			);
			name = "[CP] Copy Pods Resources";
			outputPaths = (
			);
			runOnlyForDeploymentPostprocessing = 0;
			shellPath = /bin/sh;
			shellScript = "\"${SRCROOT}/Pods/Target Support Files/Pods-LinBaUITests/Pods-LinBaUITests-resources.sh\"\n";
			showEnvVarsInLog = 0;
		};
		493094BB24BCC2F1293593F4 /* [CP] Embed Pods Frameworks */ = {
			isa = PBXShellScriptBuildPhase;
			buildActionMask = 2147483647;
			files = (
			);
			inputPaths = (
			);
			name = "[CP] Embed Pods Frameworks";
			outputPaths = (
			);
			runOnlyForDeploymentPostprocessing = 0;
			shellPath = /bin/sh;
			shellScript = "\"${SRCROOT}/Pods/Target Support Files/Pods-LinBaTests/Pods-LinBaTests-frameworks.sh\"\n";
			showEnvVarsInLog = 0;
		};
		70615CEE94B5AF84ACE485AF /* [CP] Check Pods Manifest.lock */ = {
			isa = PBXShellScriptBuildPhase;
			buildActionMask = 2147483647;
			files = (
			);
			inputPaths = (
			);
			name = "[CP] Check Pods Manifest.lock";
			outputPaths = (
			);
			runOnlyForDeploymentPostprocessing = 0;
			shellPath = /bin/sh;
			shellScript = "diff \"${PODS_ROOT}/../Podfile.lock\" \"${PODS_ROOT}/Manifest.lock\" > /dev/null\nif [ $? != 0 ] ; then\n    # print error to STDERR\n    echo \"error: The sandbox is not in sync with the Podfile.lock. Run 'pod install' or update your CocoaPods installation.\" >&2\n    exit 1\nfi\n";
			showEnvVarsInLog = 0;
		};
		757E2B89F34E9CABBE8FE842 /* [CP] Check Pods Manifest.lock */ = {
			isa = PBXShellScriptBuildPhase;
			buildActionMask = 2147483647;
			files = (
			);
			inputPaths = (
			);
			name = "[CP] Check Pods Manifest.lock";
			outputPaths = (
			);
			runOnlyForDeploymentPostprocessing = 0;
			shellPath = /bin/sh;
			shellScript = "diff \"${PODS_ROOT}/../Podfile.lock\" \"${PODS_ROOT}/Manifest.lock\" > /dev/null\nif [ $? != 0 ] ; then\n    # print error to STDERR\n    echo \"error: The sandbox is not in sync with the Podfile.lock. Run 'pod install' or update your CocoaPods installation.\" >&2\n    exit 1\nfi\n";
			showEnvVarsInLog = 0;
		};
		8477A44694F21C52252BA31D /* [CP] Embed Pods Frameworks */ = {
			isa = PBXShellScriptBuildPhase;
			buildActionMask = 2147483647;
			files = (
			);
			inputPaths = (
			);
			name = "[CP] Embed Pods Frameworks";
			outputPaths = (
			);
			runOnlyForDeploymentPostprocessing = 0;
			shellPath = /bin/sh;
			shellScript = "\"${SRCROOT}/Pods/Target Support Files/Pods-LinBaUITests/Pods-LinBaUITests-frameworks.sh\"\n";
			showEnvVarsInLog = 0;
		};
		B7B7709758F31EB7B0ED6319 /* [CP] Check Pods Manifest.lock */ = {
			isa = PBXShellScriptBuildPhase;
			buildActionMask = 2147483647;
			files = (
			);
			inputPaths = (
			);
			name = "[CP] Check Pods Manifest.lock";
			outputPaths = (
			);
			runOnlyForDeploymentPostprocessing = 0;
			shellPath = /bin/sh;
			shellScript = "diff \"${PODS_ROOT}/../Podfile.lock\" \"${PODS_ROOT}/Manifest.lock\" > /dev/null\nif [ $? != 0 ] ; then\n    # print error to STDERR\n    echo \"error: The sandbox is not in sync with the Podfile.lock. Run 'pod install' or update your CocoaPods installation.\" >&2\n    exit 1\nfi\n";
			showEnvVarsInLog = 0;
		};
		DC625A30934034E45A1E7BCD /* [CP] Copy Pods Resources */ = {
			isa = PBXShellScriptBuildPhase;
			buildActionMask = 2147483647;
			files = (
			);
			inputPaths = (
			);
			name = "[CP] Copy Pods Resources";
			outputPaths = (
			);
			runOnlyForDeploymentPostprocessing = 0;
			shellPath = /bin/sh;
			shellScript = "\"${SRCROOT}/Pods/Target Support Files/Pods-LinBaTests/Pods-LinBaTests-resources.sh\"\n";
			showEnvVarsInLog = 0;
		};
		EB60399F49820916A6986F1B /* [CP] Embed Pods Frameworks */ = {
			isa = PBXShellScriptBuildPhase;
			buildActionMask = 2147483647;
			files = (
			);
			inputPaths = (
			);
			name = "[CP] Embed Pods Frameworks";
			outputPaths = (
			);
			runOnlyForDeploymentPostprocessing = 0;
			shellPath = /bin/sh;
			shellScript = "\"${SRCROOT}/Pods/Target Support Files/Pods-LinBa/Pods-LinBa-frameworks.sh\"\n";
			showEnvVarsInLog = 0;
		};
		F60BC0C241C9829562EDC563 /* [CP] Copy Pods Resources */ = {
			isa = PBXShellScriptBuildPhase;
			buildActionMask = 2147483647;
			files = (
			);
			inputPaths = (
			);
			name = "[CP] Copy Pods Resources";
			outputPaths = (
			);
			runOnlyForDeploymentPostprocessing = 0;
			shellPath = /bin/sh;
			shellScript = "\"${SRCROOT}/Pods/Target Support Files/Pods-LinBa/Pods-LinBa-resources.sh\"\n";
			showEnvVarsInLog = 0;
		};
/* End PBXShellScriptBuildPhase section */

/* Begin PBXSourcesBuildPhase section */
		DE3516DA1E48D99B008EF2B7 /* Sources */ = {
			isa = PBXSourcesBuildPhase;
			buildActionMask = 2147483647;
			files = (
				DE7CB3971E6801F4009CAA0D /* FavoritesViewController.swift in Sources */,
				DEFBA99D1E520E1D002A99E6 /* AutorizationViewController.swift in Sources */,
				DEFFD68D1E533C7500733191 /* WebViewController.swift in Sources */,
				DE3EA7E01E6738650047761A /* APIError.swift in Sources */,
				DE3EA7DE1E6733970047761A /* Producer.swift in Sources */,
				DE4987D31E689A830041DC80 /* FavoriteTableViewCell.swift in Sources */,
				DE7CB39C1E681366009CAA0D /* User.swift in Sources */,
				DE3516E41E48D99B008EF2B7 /* ViewController.swift in Sources */,
				DEFBA9A11E521A0A002A99E6 /* ServerAPI.swift in Sources */,
				DEFBA99F1E52166E002A99E6 /* RegistrationViewController.swift in Sources */,
				DE3EA7DA1E6730C00047761A /* Film.swift in Sources */,
				DE7CB39A1E680533009CAA0D /* EntitiesParser.swift in Sources */,
				DE3516E21E48D99B008EF2B7 /* AppDelegate.swift in Sources */,
				DE3EA7DC1E6732D10047761A /* Actor.swift in Sources */,
			);
			runOnlyForDeploymentPostprocessing = 0;
		};
		DE3516EE1E48D99B008EF2B7 /* Sources */ = {
			isa = PBXSourcesBuildPhase;
			buildActionMask = 2147483647;
			files = (
				DE3516F71E48D99B008EF2B7 /* LinBaTests.swift in Sources */,
			);
			runOnlyForDeploymentPostprocessing = 0;
		};
		DE3516F91E48D99B008EF2B7 /* Sources */ = {
			isa = PBXSourcesBuildPhase;
			buildActionMask = 2147483647;
			files = (
				DE3517021E48D99B008EF2B7 /* LinBaUITests.swift in Sources */,
			);
			runOnlyForDeploymentPostprocessing = 0;
		};
/* End PBXSourcesBuildPhase section */

/* Begin PBXTargetDependency section */
		DE3516F41E48D99B008EF2B7 /* PBXTargetDependency */ = {
			isa = PBXTargetDependency;
			target = DE3516DD1E48D99B008EF2B7 /* LinBa */;
			targetProxy = DE3516F31E48D99B008EF2B7 /* PBXContainerItemProxy */;
		};
		DE3516FF1E48D99B008EF2B7 /* PBXTargetDependency */ = {
			isa = PBXTargetDependency;
			target = DE3516DD1E48D99B008EF2B7 /* LinBa */;
			targetProxy = DE3516FE1E48D99B008EF2B7 /* PBXContainerItemProxy */;
		};
/* End PBXTargetDependency section */

/* Begin PBXVariantGroup section */
		DE3516E51E48D99B008EF2B7 /* Main.storyboard */ = {
			isa = PBXVariantGroup;
			children = (
				DE3516E61E48D99B008EF2B7 /* Base */,
			);
			name = Main.storyboard;
			sourceTree = "<group>";
		};
		DE3516EA1E48D99B008EF2B7 /* LaunchScreen.storyboard */ = {
			isa = PBXVariantGroup;
			children = (
				DE3516EB1E48D99B008EF2B7 /* Base */,
			);
			name = LaunchScreen.storyboard;
			sourceTree = "<group>";
		};
/* End PBXVariantGroup section */

/* Begin XCBuildConfiguration section */
		DE3517041E48D99B008EF2B7 /* Debug */ = {
			isa = XCBuildConfiguration;
			buildSettings = {
				ALWAYS_SEARCH_USER_PATHS = NO;
				CLANG_ANALYZER_NONNULL = YES;
				CLANG_CXX_LANGUAGE_STANDARD = "gnu++0x";
				CLANG_CXX_LIBRARY = "libc++";
				CLANG_ENABLE_MODULES = YES;
				CLANG_ENABLE_OBJC_ARC = YES;
				CLANG_WARN_BOOL_CONVERSION = YES;
				CLANG_WARN_CONSTANT_CONVERSION = YES;
				CLANG_WARN_DIRECT_OBJC_ISA_USAGE = YES_ERROR;
				CLANG_WARN_DOCUMENTATION_COMMENTS = YES;
				CLANG_WARN_EMPTY_BODY = YES;
				CLANG_WARN_ENUM_CONVERSION = YES;
				CLANG_WARN_INFINITE_RECURSION = YES;
				CLANG_WARN_INT_CONVERSION = YES;
				CLANG_WARN_OBJC_ROOT_CLASS = YES_ERROR;
				CLANG_WARN_SUSPICIOUS_MOVE = YES;
				CLANG_WARN_UNREACHABLE_CODE = YES;
				CLANG_WARN__DUPLICATE_METHOD_MATCH = YES;
				"CODE_SIGN_IDENTITY[sdk=iphoneos*]" = "iPhone Developer";
				COPY_PHASE_STRIP = NO;
				DEBUG_INFORMATION_FORMAT = dwarf;
				ENABLE_STRICT_OBJC_MSGSEND = YES;
				ENABLE_TESTABILITY = YES;
				GCC_C_LANGUAGE_STANDARD = gnu99;
				GCC_DYNAMIC_NO_PIC = NO;
				GCC_NO_COMMON_BLOCKS = YES;
				GCC_OPTIMIZATION_LEVEL = 0;
				GCC_PREPROCESSOR_DEFINITIONS = (
					"DEBUG=1",
					"$(inherited)",
				);
				GCC_WARN_64_TO_32_BIT_CONVERSION = YES;
				GCC_WARN_ABOUT_RETURN_TYPE = YES_ERROR;
				GCC_WARN_UNDECLARED_SELECTOR = YES;
				GCC_WARN_UNINITIALIZED_AUTOS = YES_AGGRESSIVE;
				GCC_WARN_UNUSED_FUNCTION = YES;
				GCC_WARN_UNUSED_VARIABLE = YES;
				IPHONEOS_DEPLOYMENT_TARGET = 10.2;
				MTL_ENABLE_DEBUG_INFO = YES;
				ONLY_ACTIVE_ARCH = YES;
				SDKROOT = iphoneos;
				SWIFT_ACTIVE_COMPILATION_CONDITIONS = DEBUG;
				SWIFT_OPTIMIZATION_LEVEL = "-Onone";
				TARGETED_DEVICE_FAMILY = "1,2";
			};
			name = Debug;
		};
		DE3517051E48D99B008EF2B7 /* Release */ = {
			isa = XCBuildConfiguration;
			buildSettings = {
				ALWAYS_SEARCH_USER_PATHS = NO;
				CLANG_ANALYZER_NONNULL = YES;
				CLANG_CXX_LANGUAGE_STANDARD = "gnu++0x";
				CLANG_CXX_LIBRARY = "libc++";
				CLANG_ENABLE_MODULES = YES;
				CLANG_ENABLE_OBJC_ARC = YES;
				CLANG_WARN_BOOL_CONVERSION = YES;
				CLANG_WARN_CONSTANT_CONVERSION = YES;
				CLANG_WARN_DIRECT_OBJC_ISA_USAGE = YES_ERROR;
				CLANG_WARN_DOCUMENTATION_COMMENTS = YES;
				CLANG_WARN_EMPTY_BODY = YES;
				CLANG_WARN_ENUM_CONVERSION = YES;
				CLANG_WARN_INFINITE_RECURSION = YES;
				CLANG_WARN_INT_CONVERSION = YES;
				CLANG_WARN_OBJC_ROOT_CLASS = YES_ERROR;
				CLANG_WARN_SUSPICIOUS_MOVE = YES;
				CLANG_WARN_UNREACHABLE_CODE = YES;
				CLANG_WARN__DUPLICATE_METHOD_MATCH = YES;
				"CODE_SIGN_IDENTITY[sdk=iphoneos*]" = "iPhone Developer";
				COPY_PHASE_STRIP = NO;
				DEBUG_INFORMATION_FORMAT = "dwarf-with-dsym";
				ENABLE_NS_ASSERTIONS = NO;
				ENABLE_STRICT_OBJC_MSGSEND = YES;
				GCC_C_LANGUAGE_STANDARD = gnu99;
				GCC_NO_COMMON_BLOCKS = YES;
				GCC_WARN_64_TO_32_BIT_CONVERSION = YES;
				GCC_WARN_ABOUT_RETURN_TYPE = YES_ERROR;
				GCC_WARN_UNDECLARED_SELECTOR = YES;
				GCC_WARN_UNINITIALIZED_AUTOS = YES_AGGRESSIVE;
				GCC_WARN_UNUSED_FUNCTION = YES;
				GCC_WARN_UNUSED_VARIABLE = YES;
				IPHONEOS_DEPLOYMENT_TARGET = 10.2;
				MTL_ENABLE_DEBUG_INFO = NO;
				SDKROOT = iphoneos;
				SWIFT_OPTIMIZATION_LEVEL = "-Owholemodule";
				TARGETED_DEVICE_FAMILY = "1,2";
				VALIDATE_PRODUCT = YES;
			};
			name = Release;
		};
		DE3517071E48D99B008EF2B7 /* Debug */ = {
			isa = XCBuildConfiguration;
			baseConfigurationReference = EA30F07FD916E59C1F502E8E /* Pods-LinBa.debug.xcconfig */;
			buildSettings = {
				ASSETCATALOG_COMPILER_APPICON_NAME = AppIcon;
				DEVELOPMENT_TEAM = 8AJ789FGVJ;
				INFOPLIST_FILE = LinBa/Info.plist;
				LD_RUNPATH_SEARCH_PATHS = "$(inherited) @executable_path/Frameworks";
				PRODUCT_BUNDLE_IDENTIFIER = com.hackspace.LinBa;
				PRODUCT_NAME = "$(TARGET_NAME)";
				SWIFT_VERSION = 3.0;
			};
			name = Debug;
		};
		DE3517081E48D99B008EF2B7 /* Release */ = {
			isa = XCBuildConfiguration;
			baseConfigurationReference = BF8991B17DE9BE547088BE7A /* Pods-LinBa.release.xcconfig */;
			buildSettings = {
				ASSETCATALOG_COMPILER_APPICON_NAME = AppIcon;
				DEVELOPMENT_TEAM = 8AJ789FGVJ;
				INFOPLIST_FILE = LinBa/Info.plist;
				LD_RUNPATH_SEARCH_PATHS = "$(inherited) @executable_path/Frameworks";
				PRODUCT_BUNDLE_IDENTIFIER = com.hackspace.LinBa;
				PRODUCT_NAME = "$(TARGET_NAME)";
				SWIFT_VERSION = 3.0;
			};
			name = Release;
		};
		DE35170A1E48D99B008EF2B7 /* Debug */ = {
			isa = XCBuildConfiguration;
			baseConfigurationReference = 0A0D612A09F696991F80BDE1 /* Pods-LinBaTests.debug.xcconfig */;
			buildSettings = {
				ALWAYS_EMBED_SWIFT_STANDARD_LIBRARIES = YES;
				BUNDLE_LOADER = "$(TEST_HOST)";
				DEVELOPMENT_TEAM = 8AJ789FGVJ;
				INFOPLIST_FILE = LinBaTests/Info.plist;
				LD_RUNPATH_SEARCH_PATHS = "$(inherited) @executable_path/Frameworks @loader_path/Frameworks";
				PRODUCT_BUNDLE_IDENTIFIER = com.hackspace.LinBaTests;
				PRODUCT_NAME = "$(TARGET_NAME)";
				SWIFT_VERSION = 3.0;
				TEST_HOST = "$(BUILT_PRODUCTS_DIR)/LinBa.app/LinBa";
			};
			name = Debug;
		};
		DE35170B1E48D99B008EF2B7 /* Release */ = {
			isa = XCBuildConfiguration;
			baseConfigurationReference = 76A0E46B766AD1149ECE608D /* Pods-LinBaTests.release.xcconfig */;
			buildSettings = {
				ALWAYS_EMBED_SWIFT_STANDARD_LIBRARIES = YES;
				BUNDLE_LOADER = "$(TEST_HOST)";
				DEVELOPMENT_TEAM = 8AJ789FGVJ;
				INFOPLIST_FILE = LinBaTests/Info.plist;
				LD_RUNPATH_SEARCH_PATHS = "$(inherited) @executable_path/Frameworks @loader_path/Frameworks";
				PRODUCT_BUNDLE_IDENTIFIER = com.hackspace.LinBaTests;
				PRODUCT_NAME = "$(TARGET_NAME)";
				SWIFT_VERSION = 3.0;
				TEST_HOST = "$(BUILT_PRODUCTS_DIR)/LinBa.app/LinBa";
			};
			name = Release;
		};
		DE35170D1E48D99B008EF2B7 /* Debug */ = {
			isa = XCBuildConfiguration;
			baseConfigurationReference = 4B6758D5D24CB38FCE023CF8 /* Pods-LinBaUITests.debug.xcconfig */;
			buildSettings = {
				ALWAYS_EMBED_SWIFT_STANDARD_LIBRARIES = YES;
				DEVELOPMENT_TEAM = 8AJ789FGVJ;
				INFOPLIST_FILE = LinBaUITests/Info.plist;
				LD_RUNPATH_SEARCH_PATHS = "$(inherited) @executable_path/Frameworks @loader_path/Frameworks";
				PRODUCT_BUNDLE_IDENTIFIER = com.hackspace.LinBaUITests;
				PRODUCT_NAME = "$(TARGET_NAME)";
				SWIFT_VERSION = 3.0;
				TEST_TARGET_NAME = LinBa;
			};
			name = Debug;
		};
		DE35170E1E48D99B008EF2B7 /* Release */ = {
			isa = XCBuildConfiguration;
			baseConfigurationReference = FBCB563AE328BAA152A0F2A0 /* Pods-LinBaUITests.release.xcconfig */;
			buildSettings = {
				ALWAYS_EMBED_SWIFT_STANDARD_LIBRARIES = YES;
				DEVELOPMENT_TEAM = 8AJ789FGVJ;
				INFOPLIST_FILE = LinBaUITests/Info.plist;
				LD_RUNPATH_SEARCH_PATHS = "$(inherited) @executable_path/Frameworks @loader_path/Frameworks";
				PRODUCT_BUNDLE_IDENTIFIER = com.hackspace.LinBaUITests;
				PRODUCT_NAME = "$(TARGET_NAME)";
				SWIFT_VERSION = 3.0;
				TEST_TARGET_NAME = LinBa;
			};
			name = Release;
		};
/* End XCBuildConfiguration section */

/* Begin XCConfigurationList section */
		DE3516D91E48D99B008EF2B7 /* Build configuration list for PBXProject "LinBa" */ = {
			isa = XCConfigurationList;
			buildConfigurations = (
				DE3517041E48D99B008EF2B7 /* Debug */,
				DE3517051E48D99B008EF2B7 /* Release */,
			);
			defaultConfigurationIsVisible = 0;
			defaultConfigurationName = Release;
		};
		DE3517061E48D99B008EF2B7 /* Build configuration list for PBXNativeTarget "LinBa" */ = {
			isa = XCConfigurationList;
			buildConfigurations = (
				DE3517071E48D99B008EF2B7 /* Debug */,
				DE3517081E48D99B008EF2B7 /* Release */,
			);
			defaultConfigurationIsVisible = 0;
			defaultConfigurationName = Release;
		};
		DE3517091E48D99B008EF2B7 /* Build configuration list for PBXNativeTarget "LinBaTests" */ = {
			isa = XCConfigurationList;
			buildConfigurations = (
				DE35170A1E48D99B008EF2B7 /* Debug */,
				DE35170B1E48D99B008EF2B7 /* Release */,
			);
			defaultConfigurationIsVisible = 0;
			defaultConfigurationName = Release;
		};
		DE35170C1E48D99B008EF2B7 /* Build configuration list for PBXNativeTarget "LinBaUITests" */ = {
			isa = XCConfigurationList;
			buildConfigurations = (
				DE35170D1E48D99B008EF2B7 /* Debug */,
				DE35170E1E48D99B008EF2B7 /* Release */,
			);
			defaultConfigurationIsVisible = 0;
			defaultConfigurationName = Release;
		};
/* End XCConfigurationList section */
	};
	rootObject = DE3516D61E48D99B008EF2B7 /* Project object */;
}
